
Microsoft Visual Studio Solution File, Format Version 12.00
# Visual Studio 15
VisualStudioVersion = 15.0.26124.0
MinimumVisualStudioVersion = 15.0.26124.0
Project("{FAE04EC0-301F-11D3-BF4B-00C04F79EFBC}") = "facenet", "generator\facenet.csproj", "{19F21B22-F817-4F36-B426-6F60B21544FA}"
EndProject
Project("{2150E333-8FDC-42A3-9474-1A3956D46DE8}") = "_examples", "_examples", "{B91D735B-2E2A-4CA5-889C-053AA7E15A67}"
EndProject
Project("{FAE04EC0-301F-11D3-BF4B-00C04F79EFBC}") = "AddressBook", "_examples\AddressBook\AddressBook.csproj", "{93BDFE50-88E3-462F-B374-CBBD3DB9EDFF}"
EndProject
Project("{FAE04EC0-301F-11D3-BF4B-00C04F79EFBC}") = "facenet.Tests", "test\facenet.Tests.csproj", "{C15F34BF-1D62-4DB8-8B4D-85CB5B5A5917}"
EndProject
Global
	GlobalSection(SolutionConfigurationPlatforms) = preSolution
		Debug|Any CPU = Debug|Any CPU
		Debug|x64 = Debug|x64
		Debug|x86 = Debug|x86
		Release|Any CPU = Release|Any CPU
		Release|x64 = Release|x64
		Release|x86 = Release|x86
	EndGlobalSection
	GlobalSection(SolutionProperties) = preSolution
		HideSolutionNode = FALSE
	EndGlobalSection
	GlobalSection(ProjectConfigurationPlatforms) = postSolution
		{93BDFE50-88E3-462F-B374-CBBD3DB9EDFF}.Debug|Any CPU.ActiveCfg = Debug|Any CPU
		{93BDFE50-88E3-462F-B374-CBBD3DB9EDFF}.Debug|Any CPU.Build.0 = Debug|Any CPU
		{93BDFE50-88E3-462F-B374-CBBD3DB9EDFF}.Debug|x64.ActiveCfg = Debug|Any CPU
		{93BDFE50-88E3-462F-B374-CBBD3DB9EDFF}.Debug|x64.Build.0 = Debug|Any CPU
		{93BDFE50-88E3-462F-B374-CBBD3DB9EDFF}.Debug|x86.ActiveCfg = Debug|Any CPU
		{93BDFE50-88E3-462F-B374-CBBD3DB9EDFF}.Debug|x86.Build.0 = Debug|Any CPU
		{93BDFE50-88E3-462F-B374-CBBD3DB9EDFF}.Release|Any CPU.ActiveCfg = Release|Any CPU
		{93BDFE50-88E3-462F-B374-CBBD3DB9EDFF}.Release|Any CPU.Build.0 = Release|Any CPU
		{93BDFE50-88E3-462F-B374-CBBD3DB9EDFF}.Release|x64.ActiveCfg = Release|Any CPU
		{93BDFE50-88E3-462F-B374-CBBD3DB9EDFF}.Release|x64.Build.0 = Release|Any CPU
		{93BDFE50-88E3-462F-B374-CBBD3DB9EDFF}.Release|x86.ActiveCfg = Release|Any CPU
		{93BDFE50-88E3-462F-B374-CBBD3DB9EDFF}.Release|x86.Build.0 = Release|Any CPU
		{C15F34BF-1D62-4DB8-8B4D-85CB5B5A5917}.Debug|Any CPU.ActiveCfg = Debug|Any CPU
		{C15F34BF-1D62-4DB8-8B4D-85CB5B5A5917}.Debug|Any CPU.Build.0 = Debug|Any CPU
		{C15F34BF-1D62-4DB8-8B4D-85CB5B5A5917}.Debug|x64.ActiveCfg = Debug|Any CPU
		{C15F34BF-1D62-4DB8-8B4D-85CB5B5A5917}.Debug|x64.Build.0 = Debug|Any CPU
		{C15F34BF-1D62-4DB8-8B4D-85CB5B5A5917}.Debug|x86.ActiveCfg = Debug|Any CPU
		{C15F34BF-1D62-4DB8-8B4D-85CB5B5A5917}.Debug|x86.Build.0 = Debug|Any CPU
		{C15F34BF-1D62-4DB8-8B4D-85CB5B5A5917}.Release|Any CPU.ActiveCfg = Release|Any CPU
		{C15F34BF-1D62-4DB8-8B4D-85CB5B5A5917}.Release|Any CPU.Build.0 = Release|Any CPU
		{C15F34BF-1D62-4DB8-8B4D-85CB5B5A5917}.Release|x64.ActiveCfg = Release|Any CPU
		{C15F34BF-1D62-4DB8-8B4D-85CB5B5A5917}.Release|x64.Build.0 = Release|Any CPU
		{C15F34BF-1D62-4DB8-8B4D-85CB5B5A5917}.Release|x86.ActiveCfg = Release|Any CPU
		{C15F34BF-1D62-4DB8-8B4D-85CB5B5A5917}.Release|x86.Build.0 = Release|Any CPU
		{19F21B22-F817-4F36-B426-6F60B21544FA}.Debug|Any CPU.ActiveCfg = Debug|Any CPU
		{19F21B22-F817-4F36-B426-6F60B21544FA}.Debug|Any CPU.Build.0 = Debug|Any CPU
		{19F21B22-F817-4F36-B426-6F60B21544FA}.Debug|x64.ActiveCfg = Debug|Any CPU
		{19F21B22-F817-4F36-B426-6F60B21544FA}.Debug|x64.Build.0 = Debug|Any CPU
		{19F21B22-F817-4F36-B426-6F60B21544FA}.Debug|x86.ActiveCfg = Debug|Any CPU
		{19F21B22-F817-4F36-B426-6F60B21544FA}.Debug|x86.Build.0 = Debug|Any CPU
		{19F21B22-F817-4F36-B426-6F60B21544FA}.Release|Any CPU.ActiveCfg = Release|Any CPU
		{19F21B22-F817-4F36-B426-6F60B21544FA}.Release|Any CPU.Build.0 = Release|Any CPU
		{19F21B22-F817-4F36-B426-6F60B21544FA}.Release|x64.ActiveCfg = Release|Any CPU
		{19F21B22-F817-4F36-B426-6F60B21544FA}.Release|x64.Build.0 = Release|Any CPU
		{19F21B22-F817-4F36-B426-6F60B21544FA}.Release|x86.ActiveCfg = Release|Any CPU
		{19F21B22-F817-4F36-B426-6F60B21544FA}.Release|x86.Build.0 = Release|Any CPU
	EndGlobalSection
	GlobalSection(NestedProjects) = preSolution
		{93BDFE50-88E3-462F-B374-CBBD3DB9EDFF} = {B91D735B-2E2A-4CA5-889C-053AA7E15A67}
	EndGlobalSection
EndGlobal
