
Microsoft Visual Studio Solution File, Format Version 12.00
# Visual Studio 15
VisualStudioVersion = 15.0.26124.0
MinimumVisualStudioVersion = 15.0.26124.0
Project("{FAE04EC0-301F-11D3-BF4B-00C04F79EFBC}") = "qfacedotnet", "src\qfacedotnet.csproj", "{7CE6147E-4DCE-4192-A0F8-2BD42B2087F5}"
EndProject
Project("{FAE04EC0-301F-11D3-BF4B-00C04F79EFBC}") = "AddressBook", "_examples\AddressBook\AddressBook.csproj", "{5ED94EAE-14E7-48C8-981E-D9B9B0C13896}"
EndProject
Project("{2150E333-8FDC-42A3-9474-1A3956D46DE8}") = "test", "test", "{7B8CE2D5-EFC8-42C3-8E21-1755F8DD93F3}"
EndProject
Project("{FAE04EC0-301F-11D3-BF4B-00C04F79EFBC}") = "AddressBook.Tests", "test\AddressBook\AddressBook.Tests.csproj", "{B9EF4CB6-43D6-4B9B-8A2C-EB89104039B0}"
EndProject
Project("{FAE04EC0-301F-11D3-BF4B-00C04F79EFBC}") = "Phone.Tests", "test\Phone\Phone.Tests.csproj", "{4E03644C-ADF1-464D-AF6C-8CA9A4DE288B}"
EndProject
Project("{FAE04EC0-301F-11D3-BF4B-00C04F79EFBC}") = "qfacedotnet.Test.Tools", "test\tools\qfacedotnet.Test.Tools.csproj", "{7B9EF33E-46FD-404E-8465-73DB012A86D7}"
EndProject
Global
	GlobalSection(SolutionConfigurationPlatforms) = preSolution
		Debug|Any CPU = Debug|Any CPU
		Debug|x64 = Debug|x64
		Debug|x86 = Debug|x86
		Release|Any CPU = Release|Any CPU
		Release|x64 = Release|x64
		Release|x86 = Release|x86
	EndGlobalSection
	GlobalSection(SolutionProperties) = preSolution
		HideSolutionNode = FALSE
	EndGlobalSection
	GlobalSection(ProjectConfigurationPlatforms) = postSolution
		{7CE6147E-4DCE-4192-A0F8-2BD42B2087F5}.Debug|Any CPU.ActiveCfg = Debug|Any CPU
		{7CE6147E-4DCE-4192-A0F8-2BD42B2087F5}.Debug|Any CPU.Build.0 = Debug|Any CPU
		{7CE6147E-4DCE-4192-A0F8-2BD42B2087F5}.Debug|x64.ActiveCfg = Debug|Any CPU
		{7CE6147E-4DCE-4192-A0F8-2BD42B2087F5}.Debug|x64.Build.0 = Debug|Any CPU
		{7CE6147E-4DCE-4192-A0F8-2BD42B2087F5}.Debug|x86.ActiveCfg = Debug|Any CPU
		{7CE6147E-4DCE-4192-A0F8-2BD42B2087F5}.Debug|x86.Build.0 = Debug|Any CPU
		{7CE6147E-4DCE-4192-A0F8-2BD42B2087F5}.Release|Any CPU.ActiveCfg = Release|Any CPU
		{7CE6147E-4DCE-4192-A0F8-2BD42B2087F5}.Release|Any CPU.Build.0 = Release|Any CPU
		{7CE6147E-4DCE-4192-A0F8-2BD42B2087F5}.Release|x64.ActiveCfg = Release|Any CPU
		{7CE6147E-4DCE-4192-A0F8-2BD42B2087F5}.Release|x64.Build.0 = Release|Any CPU
		{7CE6147E-4DCE-4192-A0F8-2BD42B2087F5}.Release|x86.ActiveCfg = Release|Any CPU
		{7CE6147E-4DCE-4192-A0F8-2BD42B2087F5}.Release|x86.Build.0 = Release|Any CPU
		{5ED94EAE-14E7-48C8-981E-D9B9B0C13896}.Debug|Any CPU.ActiveCfg = Debug|Any CPU
		{5ED94EAE-14E7-48C8-981E-D9B9B0C13896}.Debug|Any CPU.Build.0 = Debug|Any CPU
		{5ED94EAE-14E7-48C8-981E-D9B9B0C13896}.Debug|x64.ActiveCfg = Debug|Any CPU
		{5ED94EAE-14E7-48C8-981E-D9B9B0C13896}.Debug|x64.Build.0 = Debug|Any CPU
		{5ED94EAE-14E7-48C8-981E-D9B9B0C13896}.Debug|x86.ActiveCfg = Debug|Any CPU
		{5ED94EAE-14E7-48C8-981E-D9B9B0C13896}.Debug|x86.Build.0 = Debug|Any CPU
		{5ED94EAE-14E7-48C8-981E-D9B9B0C13896}.Release|Any CPU.ActiveCfg = Release|Any CPU
		{5ED94EAE-14E7-48C8-981E-D9B9B0C13896}.Release|Any CPU.Build.0 = Release|Any CPU
		{5ED94EAE-14E7-48C8-981E-D9B9B0C13896}.Release|x64.ActiveCfg = Release|Any CPU
		{5ED94EAE-14E7-48C8-981E-D9B9B0C13896}.Release|x64.Build.0 = Release|Any CPU
		{5ED94EAE-14E7-48C8-981E-D9B9B0C13896}.Release|x86.ActiveCfg = Release|Any CPU
		{5ED94EAE-14E7-48C8-981E-D9B9B0C13896}.Release|x86.Build.0 = Release|Any CPU
		{B9EF4CB6-43D6-4B9B-8A2C-EB89104039B0}.Debug|Any CPU.ActiveCfg = Debug|Any CPU
		{B9EF4CB6-43D6-4B9B-8A2C-EB89104039B0}.Debug|Any CPU.Build.0 = Debug|Any CPU
		{B9EF4CB6-43D6-4B9B-8A2C-EB89104039B0}.Debug|x64.ActiveCfg = Debug|Any CPU
		{B9EF4CB6-43D6-4B9B-8A2C-EB89104039B0}.Debug|x64.Build.0 = Debug|Any CPU
		{B9EF4CB6-43D6-4B9B-8A2C-EB89104039B0}.Debug|x86.ActiveCfg = Debug|Any CPU
		{B9EF4CB6-43D6-4B9B-8A2C-EB89104039B0}.Debug|x86.Build.0 = Debug|Any CPU
		{B9EF4CB6-43D6-4B9B-8A2C-EB89104039B0}.Release|Any CPU.ActiveCfg = Release|Any CPU
		{B9EF4CB6-43D6-4B9B-8A2C-EB89104039B0}.Release|Any CPU.Build.0 = Release|Any CPU
		{B9EF4CB6-43D6-4B9B-8A2C-EB89104039B0}.Release|x64.ActiveCfg = Release|Any CPU
		{B9EF4CB6-43D6-4B9B-8A2C-EB89104039B0}.Release|x64.Build.0 = Release|Any CPU
		{B9EF4CB6-43D6-4B9B-8A2C-EB89104039B0}.Release|x86.ActiveCfg = Release|Any CPU
		{B9EF4CB6-43D6-4B9B-8A2C-EB89104039B0}.Release|x86.Build.0 = Release|Any CPU
		{4E03644C-ADF1-464D-AF6C-8CA9A4DE288B}.Debug|Any CPU.ActiveCfg = Debug|Any CPU
		{4E03644C-ADF1-464D-AF6C-8CA9A4DE288B}.Debug|Any CPU.Build.0 = Debug|Any CPU
		{4E03644C-ADF1-464D-AF6C-8CA9A4DE288B}.Debug|x64.ActiveCfg = Debug|Any CPU
		{4E03644C-ADF1-464D-AF6C-8CA9A4DE288B}.Debug|x64.Build.0 = Debug|Any CPU
		{4E03644C-ADF1-464D-AF6C-8CA9A4DE288B}.Debug|x86.ActiveCfg = Debug|Any CPU
		{4E03644C-ADF1-464D-AF6C-8CA9A4DE288B}.Debug|x86.Build.0 = Debug|Any CPU
		{4E03644C-ADF1-464D-AF6C-8CA9A4DE288B}.Release|Any CPU.ActiveCfg = Release|Any CPU
		{4E03644C-ADF1-464D-AF6C-8CA9A4DE288B}.Release|Any CPU.Build.0 = Release|Any CPU
		{4E03644C-ADF1-464D-AF6C-8CA9A4DE288B}.Release|x64.ActiveCfg = Release|Any CPU
		{4E03644C-ADF1-464D-AF6C-8CA9A4DE288B}.Release|x64.Build.0 = Release|Any CPU
		{4E03644C-ADF1-464D-AF6C-8CA9A4DE288B}.Release|x86.ActiveCfg = Release|Any CPU
		{4E03644C-ADF1-464D-AF6C-8CA9A4DE288B}.Release|x86.Build.0 = Release|Any CPU
		{7B9EF33E-46FD-404E-8465-73DB012A86D7}.Debug|Any CPU.ActiveCfg = Debug|Any CPU
		{7B9EF33E-46FD-404E-8465-73DB012A86D7}.Debug|Any CPU.Build.0 = Debug|Any CPU
		{7B9EF33E-46FD-404E-8465-73DB012A86D7}.Debug|x64.ActiveCfg = Debug|Any CPU
		{7B9EF33E-46FD-404E-8465-73DB012A86D7}.Debug|x64.Build.0 = Debug|Any CPU
		{7B9EF33E-46FD-404E-8465-73DB012A86D7}.Debug|x86.ActiveCfg = Debug|Any CPU
		{7B9EF33E-46FD-404E-8465-73DB012A86D7}.Debug|x86.Build.0 = Debug|Any CPU
		{7B9EF33E-46FD-404E-8465-73DB012A86D7}.Release|Any CPU.ActiveCfg = Release|Any CPU
		{7B9EF33E-46FD-404E-8465-73DB012A86D7}.Release|Any CPU.Build.0 = Release|Any CPU
		{7B9EF33E-46FD-404E-8465-73DB012A86D7}.Release|x64.ActiveCfg = Release|Any CPU
		{7B9EF33E-46FD-404E-8465-73DB012A86D7}.Release|x64.Build.0 = Release|Any CPU
		{7B9EF33E-46FD-404E-8465-73DB012A86D7}.Release|x86.ActiveCfg = Release|Any CPU
		{7B9EF33E-46FD-404E-8465-73DB012A86D7}.Release|x86.Build.0 = Release|Any CPU
	EndGlobalSection
	GlobalSection(NestedProjects) = preSolution
		{B9EF4CB6-43D6-4B9B-8A2C-EB89104039B0} = {7B8CE2D5-EFC8-42C3-8E21-1755F8DD93F3}
		{4E03644C-ADF1-464D-AF6C-8CA9A4DE288B} = {7B8CE2D5-EFC8-42C3-8E21-1755F8DD93F3}
		{7B9EF33E-46FD-404E-8465-73DB012A86D7} = {7B8CE2D5-EFC8-42C3-8E21-1755F8DD93F3}
	EndGlobalSection
EndGlobal
