
Microsoft Visual Studio Solution File, Format Version 12.00
# Visual Studio 15
VisualStudioVersion = 15.0.26124.0
MinimumVisualStudioVersion = 15.0.26124.0
Project("{FAE04EC0-301F-11D3-BF4B-00C04F79EFBC}") = "qfacedotnet", "src\qfacedotnet.csproj", "{7CE6147E-4DCE-4192-A0F8-2BD42B2087F5}"
EndProject
Project("{2150E333-8FDC-42A3-9474-1A3956D46DE8}") = "_examples", "_examples", "{30E13148-9FCE-4F49-B776-33B27E735A60}"
EndProject
Project("{FAE04EC0-301F-11D3-BF4B-00C04F79EFBC}") = "AddressBook", "_examples\AddressBook\AddressBook.csproj", "{5ED94EAE-14E7-48C8-981E-D9B9B0C13896}"
EndProject
Project("{FAE04EC0-301F-11D3-BF4B-00C04F79EFBC}") = "qfacedotnet.Tests", "test\qfacedotnet.Tests.csproj", "{2CC2F092-7EC7-4D2C-B5C7-A6210B444601}"
EndProject
Global
	GlobalSection(SolutionConfigurationPlatforms) = preSolution
		Debug|Any CPU = Debug|Any CPU
		Debug|x64 = Debug|x64
		Debug|x86 = Debug|x86
		Release|Any CPU = Release|Any CPU
		Release|x64 = Release|x64
		Release|x86 = Release|x86
	EndGlobalSection
	GlobalSection(SolutionProperties) = preSolution
		HideSolutionNode = FALSE
	EndGlobalSection
	GlobalSection(ProjectConfigurationPlatforms) = postSolution
		{7CE6147E-4DCE-4192-A0F8-2BD42B2087F5}.Debug|Any CPU.ActiveCfg = Debug|Any CPU
		{7CE6147E-4DCE-4192-A0F8-2BD42B2087F5}.Debug|Any CPU.Build.0 = Debug|Any CPU
		{7CE6147E-4DCE-4192-A0F8-2BD42B2087F5}.Debug|x64.ActiveCfg = Debug|Any CPU
		{7CE6147E-4DCE-4192-A0F8-2BD42B2087F5}.Debug|x64.Build.0 = Debug|Any CPU
		{7CE6147E-4DCE-4192-A0F8-2BD42B2087F5}.Debug|x86.ActiveCfg = Debug|Any CPU
		{7CE6147E-4DCE-4192-A0F8-2BD42B2087F5}.Debug|x86.Build.0 = Debug|Any CPU
		{7CE6147E-4DCE-4192-A0F8-2BD42B2087F5}.Release|Any CPU.ActiveCfg = Release|Any CPU
		{7CE6147E-4DCE-4192-A0F8-2BD42B2087F5}.Release|Any CPU.Build.0 = Release|Any CPU
		{7CE6147E-4DCE-4192-A0F8-2BD42B2087F5}.Release|x64.ActiveCfg = Release|Any CPU
		{7CE6147E-4DCE-4192-A0F8-2BD42B2087F5}.Release|x64.Build.0 = Release|Any CPU
		{7CE6147E-4DCE-4192-A0F8-2BD42B2087F5}.Release|x86.ActiveCfg = Release|Any CPU
		{7CE6147E-4DCE-4192-A0F8-2BD42B2087F5}.Release|x86.Build.0 = Release|Any CPU
		{5ED94EAE-14E7-48C8-981E-D9B9B0C13896}.Debug|Any CPU.ActiveCfg = Debug|Any CPU
		{5ED94EAE-14E7-48C8-981E-D9B9B0C13896}.Debug|Any CPU.Build.0 = Debug|Any CPU
		{5ED94EAE-14E7-48C8-981E-D9B9B0C13896}.Debug|x64.ActiveCfg = Debug|Any CPU
		{5ED94EAE-14E7-48C8-981E-D9B9B0C13896}.Debug|x64.Build.0 = Debug|Any CPU
		{5ED94EAE-14E7-48C8-981E-D9B9B0C13896}.Debug|x86.ActiveCfg = Debug|Any CPU
		{5ED94EAE-14E7-48C8-981E-D9B9B0C13896}.Debug|x86.Build.0 = Debug|Any CPU
		{5ED94EAE-14E7-48C8-981E-D9B9B0C13896}.Release|Any CPU.ActiveCfg = Release|Any CPU
		{5ED94EAE-14E7-48C8-981E-D9B9B0C13896}.Release|Any CPU.Build.0 = Release|Any CPU
		{5ED94EAE-14E7-48C8-981E-D9B9B0C13896}.Release|x64.ActiveCfg = Release|Any CPU
		{5ED94EAE-14E7-48C8-981E-D9B9B0C13896}.Release|x64.Build.0 = Release|Any CPU
		{5ED94EAE-14E7-48C8-981E-D9B9B0C13896}.Release|x86.ActiveCfg = Release|Any CPU
		{5ED94EAE-14E7-48C8-981E-D9B9B0C13896}.Release|x86.Build.0 = Release|Any CPU
		{2CC2F092-7EC7-4D2C-B5C7-A6210B444601}.Debug|Any CPU.ActiveCfg = Debug|Any CPU
		{2CC2F092-7EC7-4D2C-B5C7-A6210B444601}.Debug|Any CPU.Build.0 = Debug|Any CPU
		{2CC2F092-7EC7-4D2C-B5C7-A6210B444601}.Debug|x64.ActiveCfg = Debug|Any CPU
		{2CC2F092-7EC7-4D2C-B5C7-A6210B444601}.Debug|x64.Build.0 = Debug|Any CPU
		{2CC2F092-7EC7-4D2C-B5C7-A6210B444601}.Debug|x86.ActiveCfg = Debug|Any CPU
		{2CC2F092-7EC7-4D2C-B5C7-A6210B444601}.Debug|x86.Build.0 = Debug|Any CPU
		{2CC2F092-7EC7-4D2C-B5C7-A6210B444601}.Release|Any CPU.ActiveCfg = Release|Any CPU
		{2CC2F092-7EC7-4D2C-B5C7-A6210B444601}.Release|Any CPU.Build.0 = Release|Any CPU
		{2CC2F092-7EC7-4D2C-B5C7-A6210B444601}.Release|x64.ActiveCfg = Release|Any CPU
		{2CC2F092-7EC7-4D2C-B5C7-A6210B444601}.Release|x64.Build.0 = Release|Any CPU
		{2CC2F092-7EC7-4D2C-B5C7-A6210B444601}.Release|x86.ActiveCfg = Release|Any CPU
		{2CC2F092-7EC7-4D2C-B5C7-A6210B444601}.Release|x86.Build.0 = Release|Any CPU
	EndGlobalSection
EndGlobal
